
Microsoft Visual Studio Solution File, Format Version 12.00
# Visual Studio 15
VisualStudioVersion = 15.0.26124.0
MinimumVisualStudioVersion = 15.0.26124.0
Project("{FAE04EC0-301F-11D3-BF4B-00C04F79EFBC}") = "Day01", "Day01 - Report Repair\Day01.csproj", "{7E53BC75-B2E0-4E4E-A1D8-D78B8D876319}"
EndProject
Project("{FAE04EC0-301F-11D3-BF4B-00C04F79EFBC}") = "Day02", "Day02 - Password Philosophy\Day02.csproj", "{3C972F26-FA55-4684-A035-6DCD6BBB39AE}"
EndProject
Project("{FAE04EC0-301F-11D3-BF4B-00C04F79EFBC}") = "Day03", "Day03 - Toboggan Trajectory\Day03.csproj", "{7E0FBB67-1ACB-4F2A-8EC3-3EEF9ACB858E}"
EndProject
Project("{FAE04EC0-301F-11D3-BF4B-00C04F79EFBC}") = "Day04", "Day04 - Passport Processing\Day04.csproj", "{592B3429-F89E-4261-8CAC-AF1C84A33C60}"
EndProject
Project("{FAE04EC0-301F-11D3-BF4B-00C04F79EFBC}") = "Day05", "Day05 - Binary Boarding\Day05.csproj", "{ACFE56E8-5A5C-4A97-8D02-CD42DAC5FD1F}"
EndProject
Project("{FAE04EC0-301F-11D3-BF4B-00C04F79EFBC}") = "Day06", "Day06 - Custom Customs\Day06.csproj", "{8CAF9AC9-3C38-476E-8351-62C552A5BCD3}"
EndProject
Project("{FAE04EC0-301F-11D3-BF4B-00C04F79EFBC}") = "Day07", "Day07 - Handy Haversacks\Day07.csproj", "{A465796D-FA72-4595-8B9A-3ADB03CC64CF}"
EndProject
Project("{FAE04EC0-301F-11D3-BF4B-00C04F79EFBC}") = "Day08", "Day08 - Handheld Halting\Day08.csproj", "{751C6D12-A932-40F8-8624-AAA141502B81}"
EndProject
Project("{FAE04EC0-301F-11D3-BF4B-00C04F79EFBC}") = "Day09", "Day09 - Encoding Error\Day09.csproj", "{53031F2B-D4F7-4B19-B418-C28DB0AAE823}"
EndProject
Project("{FAE04EC0-301F-11D3-BF4B-00C04F79EFBC}") = "Day10", "Day10 - Adapter Array\Day10.csproj", "{A31CAB2A-4B8A-4125-852F-766E793BAD55}"
EndProject
Project("{FAE04EC0-301F-11D3-BF4B-00C04F79EFBC}") = "Day11", "Day11 - Seating System\Day11.csproj", "{270CE72C-5254-432B-8B1B-7DD2D1DB3B21}"
EndProject
Project("{FAE04EC0-301F-11D3-BF4B-00C04F79EFBC}") = "Day12", "Day12 - Rain Risk\Day12.csproj", "{814E5FCB-8034-4590-A142-E1BC39FF8475}"
EndProject
Project("{FAE04EC0-301F-11D3-BF4B-00C04F79EFBC}") = "Day13", "Day13 - Shuttle Search\Day13.csproj", "{4ED54F30-74E7-4835-9414-09B0B535A1A2}"
EndProject
Project("{FAE04EC0-301F-11D3-BF4B-00C04F79EFBC}") = "Day14", "Day14 - Docking Data\Day14.csproj", "{F21B7DA3-A131-4AD0-AB16-52F11057D0C4}"
EndProject
Project("{FAE04EC0-301F-11D3-BF4B-00C04F79EFBC}") = "Day15", "Day15 - Rambunctious Recitation\Day15.csproj", "{162583B2-A63C-436D-9593-6AAFC59A6FF0}"
EndProject
Project("{FAE04EC0-301F-11D3-BF4B-00C04F79EFBC}") = "Day16", "Day16 - Ticket Translation\Day16.csproj", "{BC7A6088-7E5C-4659-9C74-B79C79120769}"
EndProject
Project("{FAE04EC0-301F-11D3-BF4B-00C04F79EFBC}") = "Day17", "Day17 - Conway Cubes\Day17.csproj", "{0AF0E76D-3344-4684-B990-DF71DE9A2349}"
EndProject
Project("{FAE04EC0-301F-11D3-BF4B-00C04F79EFBC}") = "Day18", "Day18 - Operation Order\Day18.csproj", "{0CA78AFF-853E-41C1-BB71-2818F66F6A6D}"
EndProject
Project("{FAE04EC0-301F-11D3-BF4B-00C04F79EFBC}") = "Day19", "Day19 - Monster Messages\Day19.csproj", "{B3311F85-39C6-4219-9918-62485927807C}"
EndProject
Project("{FAE04EC0-301F-11D3-BF4B-00C04F79EFBC}") = "Day20", "Day20 - Jurassic Jigsaw\Day20.csproj", "{3EE4C24D-7F04-4C7F-9844-269796CD62D8}"
EndProject
Project("{FAE04EC0-301F-11D3-BF4B-00C04F79EFBC}") = "Day21", "Day21 - Allergen Assessment\Day21.csproj", "{886BAED5-41B4-4F3A-9B47-54C9DB81E32D}"
EndProject
Project("{FAE04EC0-301F-11D3-BF4B-00C04F79EFBC}") = "Day22", "Day22 - Crab Combat\Day22.csproj", "{29A98384-CE14-4E64-AF14-14FF33DBD967}"
EndProject
Project("{FAE04EC0-301F-11D3-BF4B-00C04F79EFBC}") = "Day23", "Day23 - Crab Cups\Day23.csproj", "{9F5617C6-6EF1-4793-A84C-10DBDE804932}"
EndProject
Project("{FAE04EC0-301F-11D3-BF4B-00C04F79EFBC}") = "Day24", "Day24 - Lobby Layout\Day24.csproj", "{E7E41E50-B965-4700-AE77-67569C7F1B4F}"
EndProject
Project("{FAE04EC0-301F-11D3-BF4B-00C04F79EFBC}") = "Day25", "Day25 - Combo Breaker\Day25.csproj", "{E5AFBD6B-13A3-4303-9A4D-C7373DFFACE6}"
EndProject
Global
	GlobalSection(SolutionConfigurationPlatforms) = preSolution
		Debug|Any CPU = Debug|Any CPU
		Debug|x64 = Debug|x64
		Debug|x86 = Debug|x86
		Release|Any CPU = Release|Any CPU
		Release|x64 = Release|x64
		Release|x86 = Release|x86
	EndGlobalSection
	GlobalSection(SolutionProperties) = preSolution
		HideSolutionNode = FALSE
	EndGlobalSection
	GlobalSection(ProjectConfigurationPlatforms) = postSolution
		{7E53BC75-B2E0-4E4E-A1D8-D78B8D876319}.Debug|Any CPU.ActiveCfg = Debug|Any CPU
		{7E53BC75-B2E0-4E4E-A1D8-D78B8D876319}.Debug|Any CPU.Build.0 = Debug|Any CPU
		{7E53BC75-B2E0-4E4E-A1D8-D78B8D876319}.Debug|x64.ActiveCfg = Debug|Any CPU
		{7E53BC75-B2E0-4E4E-A1D8-D78B8D876319}.Debug|x64.Build.0 = Debug|Any CPU
		{7E53BC75-B2E0-4E4E-A1D8-D78B8D876319}.Debug|x86.ActiveCfg = Debug|Any CPU
		{7E53BC75-B2E0-4E4E-A1D8-D78B8D876319}.Debug|x86.Build.0 = Debug|Any CPU
		{7E53BC75-B2E0-4E4E-A1D8-D78B8D876319}.Release|Any CPU.ActiveCfg = Release|Any CPU
		{7E53BC75-B2E0-4E4E-A1D8-D78B8D876319}.Release|Any CPU.Build.0 = Release|Any CPU
		{7E53BC75-B2E0-4E4E-A1D8-D78B8D876319}.Release|x64.ActiveCfg = Release|Any CPU
		{7E53BC75-B2E0-4E4E-A1D8-D78B8D876319}.Release|x64.Build.0 = Release|Any CPU
		{7E53BC75-B2E0-4E4E-A1D8-D78B8D876319}.Release|x86.ActiveCfg = Release|Any CPU
		{7E53BC75-B2E0-4E4E-A1D8-D78B8D876319}.Release|x86.Build.0 = Release|Any CPU
		{3C972F26-FA55-4684-A035-6DCD6BBB39AE}.Debug|Any CPU.ActiveCfg = Debug|Any CPU
		{3C972F26-FA55-4684-A035-6DCD6BBB39AE}.Debug|Any CPU.Build.0 = Debug|Any CPU
		{3C972F26-FA55-4684-A035-6DCD6BBB39AE}.Debug|x64.ActiveCfg = Debug|Any CPU
		{3C972F26-FA55-4684-A035-6DCD6BBB39AE}.Debug|x64.Build.0 = Debug|Any CPU
		{3C972F26-FA55-4684-A035-6DCD6BBB39AE}.Debug|x86.ActiveCfg = Debug|Any CPU
		{3C972F26-FA55-4684-A035-6DCD6BBB39AE}.Debug|x86.Build.0 = Debug|Any CPU
		{3C972F26-FA55-4684-A035-6DCD6BBB39AE}.Release|Any CPU.ActiveCfg = Release|Any CPU
		{3C972F26-FA55-4684-A035-6DCD6BBB39AE}.Release|Any CPU.Build.0 = Release|Any CPU
		{3C972F26-FA55-4684-A035-6DCD6BBB39AE}.Release|x64.ActiveCfg = Release|Any CPU
		{3C972F26-FA55-4684-A035-6DCD6BBB39AE}.Release|x64.Build.0 = Release|Any CPU
		{3C972F26-FA55-4684-A035-6DCD6BBB39AE}.Release|x86.ActiveCfg = Release|Any CPU
		{3C972F26-FA55-4684-A035-6DCD6BBB39AE}.Release|x86.Build.0 = Release|Any CPU
		{7E0FBB67-1ACB-4F2A-8EC3-3EEF9ACB858E}.Debug|Any CPU.ActiveCfg = Debug|Any CPU
		{7E0FBB67-1ACB-4F2A-8EC3-3EEF9ACB858E}.Debug|Any CPU.Build.0 = Debug|Any CPU
		{7E0FBB67-1ACB-4F2A-8EC3-3EEF9ACB858E}.Debug|x64.ActiveCfg = Debug|Any CPU
		{7E0FBB67-1ACB-4F2A-8EC3-3EEF9ACB858E}.Debug|x64.Build.0 = Debug|Any CPU
		{7E0FBB67-1ACB-4F2A-8EC3-3EEF9ACB858E}.Debug|x86.ActiveCfg = Debug|Any CPU
		{7E0FBB67-1ACB-4F2A-8EC3-3EEF9ACB858E}.Debug|x86.Build.0 = Debug|Any CPU
		{7E0FBB67-1ACB-4F2A-8EC3-3EEF9ACB858E}.Release|Any CPU.ActiveCfg = Release|Any CPU
		{7E0FBB67-1ACB-4F2A-8EC3-3EEF9ACB858E}.Release|Any CPU.Build.0 = Release|Any CPU
		{7E0FBB67-1ACB-4F2A-8EC3-3EEF9ACB858E}.Release|x64.ActiveCfg = Release|Any CPU
		{7E0FBB67-1ACB-4F2A-8EC3-3EEF9ACB858E}.Release|x64.Build.0 = Release|Any CPU
		{7E0FBB67-1ACB-4F2A-8EC3-3EEF9ACB858E}.Release|x86.ActiveCfg = Release|Any CPU
		{7E0FBB67-1ACB-4F2A-8EC3-3EEF9ACB858E}.Release|x86.Build.0 = Release|Any CPU
		{592B3429-F89E-4261-8CAC-AF1C84A33C60}.Debug|Any CPU.ActiveCfg = Debug|Any CPU
		{592B3429-F89E-4261-8CAC-AF1C84A33C60}.Debug|Any CPU.Build.0 = Debug|Any CPU
		{592B3429-F89E-4261-8CAC-AF1C84A33C60}.Debug|x64.ActiveCfg = Debug|Any CPU
		{592B3429-F89E-4261-8CAC-AF1C84A33C60}.Debug|x64.Build.0 = Debug|Any CPU
		{592B3429-F89E-4261-8CAC-AF1C84A33C60}.Debug|x86.ActiveCfg = Debug|Any CPU
		{592B3429-F89E-4261-8CAC-AF1C84A33C60}.Debug|x86.Build.0 = Debug|Any CPU
		{592B3429-F89E-4261-8CAC-AF1C84A33C60}.Release|Any CPU.ActiveCfg = Release|Any CPU
		{592B3429-F89E-4261-8CAC-AF1C84A33C60}.Release|Any CPU.Build.0 = Release|Any CPU
		{592B3429-F89E-4261-8CAC-AF1C84A33C60}.Release|x64.ActiveCfg = Release|Any CPU
		{592B3429-F89E-4261-8CAC-AF1C84A33C60}.Release|x64.Build.0 = Release|Any CPU
		{592B3429-F89E-4261-8CAC-AF1C84A33C60}.Release|x86.ActiveCfg = Release|Any CPU
		{592B3429-F89E-4261-8CAC-AF1C84A33C60}.Release|x86.Build.0 = Release|Any CPU
		{ACFE56E8-5A5C-4A97-8D02-CD42DAC5FD1F}.Debug|Any CPU.ActiveCfg = Debug|Any CPU
		{ACFE56E8-5A5C-4A97-8D02-CD42DAC5FD1F}.Debug|Any CPU.Build.0 = Debug|Any CPU
		{ACFE56E8-5A5C-4A97-8D02-CD42DAC5FD1F}.Debug|x64.ActiveCfg = Debug|Any CPU
		{ACFE56E8-5A5C-4A97-8D02-CD42DAC5FD1F}.Debug|x64.Build.0 = Debug|Any CPU
		{ACFE56E8-5A5C-4A97-8D02-CD42DAC5FD1F}.Debug|x86.ActiveCfg = Debug|Any CPU
		{ACFE56E8-5A5C-4A97-8D02-CD42DAC5FD1F}.Debug|x86.Build.0 = Debug|Any CPU
		{ACFE56E8-5A5C-4A97-8D02-CD42DAC5FD1F}.Release|Any CPU.ActiveCfg = Release|Any CPU
		{ACFE56E8-5A5C-4A97-8D02-CD42DAC5FD1F}.Release|Any CPU.Build.0 = Release|Any CPU
		{ACFE56E8-5A5C-4A97-8D02-CD42DAC5FD1F}.Release|x64.ActiveCfg = Release|Any CPU
		{ACFE56E8-5A5C-4A97-8D02-CD42DAC5FD1F}.Release|x64.Build.0 = Release|Any CPU
		{ACFE56E8-5A5C-4A97-8D02-CD42DAC5FD1F}.Release|x86.ActiveCfg = Release|Any CPU
		{ACFE56E8-5A5C-4A97-8D02-CD42DAC5FD1F}.Release|x86.Build.0 = Release|Any CPU
		{8CAF9AC9-3C38-476E-8351-62C552A5BCD3}.Debug|Any CPU.ActiveCfg = Debug|Any CPU
		{8CAF9AC9-3C38-476E-8351-62C552A5BCD3}.Debug|Any CPU.Build.0 = Debug|Any CPU
		{8CAF9AC9-3C38-476E-8351-62C552A5BCD3}.Debug|x64.ActiveCfg = Debug|Any CPU
		{8CAF9AC9-3C38-476E-8351-62C552A5BCD3}.Debug|x64.Build.0 = Debug|Any CPU
		{8CAF9AC9-3C38-476E-8351-62C552A5BCD3}.Debug|x86.ActiveCfg = Debug|Any CPU
		{8CAF9AC9-3C38-476E-8351-62C552A5BCD3}.Debug|x86.Build.0 = Debug|Any CPU
		{8CAF9AC9-3C38-476E-8351-62C552A5BCD3}.Release|Any CPU.ActiveCfg = Release|Any CPU
		{8CAF9AC9-3C38-476E-8351-62C552A5BCD3}.Release|Any CPU.Build.0 = Release|Any CPU
		{8CAF9AC9-3C38-476E-8351-62C552A5BCD3}.Release|x64.ActiveCfg = Release|Any CPU
		{8CAF9AC9-3C38-476E-8351-62C552A5BCD3}.Release|x64.Build.0 = Release|Any CPU
		{8CAF9AC9-3C38-476E-8351-62C552A5BCD3}.Release|x86.ActiveCfg = Release|Any CPU
		{8CAF9AC9-3C38-476E-8351-62C552A5BCD3}.Release|x86.Build.0 = Release|Any CPU
		{A465796D-FA72-4595-8B9A-3ADB03CC64CF}.Debug|Any CPU.ActiveCfg = Debug|Any CPU
		{A465796D-FA72-4595-8B9A-3ADB03CC64CF}.Debug|Any CPU.Build.0 = Debug|Any CPU
		{A465796D-FA72-4595-8B9A-3ADB03CC64CF}.Debug|x64.ActiveCfg = Debug|Any CPU
		{A465796D-FA72-4595-8B9A-3ADB03CC64CF}.Debug|x64.Build.0 = Debug|Any CPU
		{A465796D-FA72-4595-8B9A-3ADB03CC64CF}.Debug|x86.ActiveCfg = Debug|Any CPU
		{A465796D-FA72-4595-8B9A-3ADB03CC64CF}.Debug|x86.Build.0 = Debug|Any CPU
		{A465796D-FA72-4595-8B9A-3ADB03CC64CF}.Release|Any CPU.ActiveCfg = Release|Any CPU
		{A465796D-FA72-4595-8B9A-3ADB03CC64CF}.Release|Any CPU.Build.0 = Release|Any CPU
		{A465796D-FA72-4595-8B9A-3ADB03CC64CF}.Release|x64.ActiveCfg = Release|Any CPU
		{A465796D-FA72-4595-8B9A-3ADB03CC64CF}.Release|x64.Build.0 = Release|Any CPU
		{A465796D-FA72-4595-8B9A-3ADB03CC64CF}.Release|x86.ActiveCfg = Release|Any CPU
		{A465796D-FA72-4595-8B9A-3ADB03CC64CF}.Release|x86.Build.0 = Release|Any CPU
		{751C6D12-A932-40F8-8624-AAA141502B81}.Debug|Any CPU.ActiveCfg = Debug|Any CPU
		{751C6D12-A932-40F8-8624-AAA141502B81}.Debug|Any CPU.Build.0 = Debug|Any CPU
		{751C6D12-A932-40F8-8624-AAA141502B81}.Debug|x64.ActiveCfg = Debug|Any CPU
		{751C6D12-A932-40F8-8624-AAA141502B81}.Debug|x64.Build.0 = Debug|Any CPU
		{751C6D12-A932-40F8-8624-AAA141502B81}.Debug|x86.ActiveCfg = Debug|Any CPU
		{751C6D12-A932-40F8-8624-AAA141502B81}.Debug|x86.Build.0 = Debug|Any CPU
		{751C6D12-A932-40F8-8624-AAA141502B81}.Release|Any CPU.ActiveCfg = Release|Any CPU
		{751C6D12-A932-40F8-8624-AAA141502B81}.Release|Any CPU.Build.0 = Release|Any CPU
		{751C6D12-A932-40F8-8624-AAA141502B81}.Release|x64.ActiveCfg = Release|Any CPU
		{751C6D12-A932-40F8-8624-AAA141502B81}.Release|x64.Build.0 = Release|Any CPU
		{751C6D12-A932-40F8-8624-AAA141502B81}.Release|x86.ActiveCfg = Release|Any CPU
		{751C6D12-A932-40F8-8624-AAA141502B81}.Release|x86.Build.0 = Release|Any CPU
		{53031F2B-D4F7-4B19-B418-C28DB0AAE823}.Debug|Any CPU.ActiveCfg = Debug|Any CPU
		{53031F2B-D4F7-4B19-B418-C28DB0AAE823}.Debug|Any CPU.Build.0 = Debug|Any CPU
		{53031F2B-D4F7-4B19-B418-C28DB0AAE823}.Debug|x64.ActiveCfg = Debug|Any CPU
		{53031F2B-D4F7-4B19-B418-C28DB0AAE823}.Debug|x64.Build.0 = Debug|Any CPU
		{53031F2B-D4F7-4B19-B418-C28DB0AAE823}.Debug|x86.ActiveCfg = Debug|Any CPU
		{53031F2B-D4F7-4B19-B418-C28DB0AAE823}.Debug|x86.Build.0 = Debug|Any CPU
		{53031F2B-D4F7-4B19-B418-C28DB0AAE823}.Release|Any CPU.ActiveCfg = Release|Any CPU
		{53031F2B-D4F7-4B19-B418-C28DB0AAE823}.Release|Any CPU.Build.0 = Release|Any CPU
		{53031F2B-D4F7-4B19-B418-C28DB0AAE823}.Release|x64.ActiveCfg = Release|Any CPU
		{53031F2B-D4F7-4B19-B418-C28DB0AAE823}.Release|x64.Build.0 = Release|Any CPU
		{53031F2B-D4F7-4B19-B418-C28DB0AAE823}.Release|x86.ActiveCfg = Release|Any CPU
		{53031F2B-D4F7-4B19-B418-C28DB0AAE823}.Release|x86.Build.0 = Release|Any CPU
		{A31CAB2A-4B8A-4125-852F-766E793BAD55}.Debug|Any CPU.ActiveCfg = Debug|Any CPU
		{A31CAB2A-4B8A-4125-852F-766E793BAD55}.Debug|Any CPU.Build.0 = Debug|Any CPU
		{A31CAB2A-4B8A-4125-852F-766E793BAD55}.Debug|x64.ActiveCfg = Debug|Any CPU
		{A31CAB2A-4B8A-4125-852F-766E793BAD55}.Debug|x64.Build.0 = Debug|Any CPU
		{A31CAB2A-4B8A-4125-852F-766E793BAD55}.Debug|x86.ActiveCfg = Debug|Any CPU
		{A31CAB2A-4B8A-4125-852F-766E793BAD55}.Debug|x86.Build.0 = Debug|Any CPU
		{A31CAB2A-4B8A-4125-852F-766E793BAD55}.Release|Any CPU.ActiveCfg = Release|Any CPU
		{A31CAB2A-4B8A-4125-852F-766E793BAD55}.Release|Any CPU.Build.0 = Release|Any CPU
		{A31CAB2A-4B8A-4125-852F-766E793BAD55}.Release|x64.ActiveCfg = Release|Any CPU
		{A31CAB2A-4B8A-4125-852F-766E793BAD55}.Release|x64.Build.0 = Release|Any CPU
		{A31CAB2A-4B8A-4125-852F-766E793BAD55}.Release|x86.ActiveCfg = Release|Any CPU
		{A31CAB2A-4B8A-4125-852F-766E793BAD55}.Release|x86.Build.0 = Release|Any CPU
		{270CE72C-5254-432B-8B1B-7DD2D1DB3B21}.Debug|Any CPU.ActiveCfg = Debug|Any CPU
		{270CE72C-5254-432B-8B1B-7DD2D1DB3B21}.Debug|Any CPU.Build.0 = Debug|Any CPU
		{270CE72C-5254-432B-8B1B-7DD2D1DB3B21}.Debug|x64.ActiveCfg = Debug|Any CPU
		{270CE72C-5254-432B-8B1B-7DD2D1DB3B21}.Debug|x64.Build.0 = Debug|Any CPU
		{270CE72C-5254-432B-8B1B-7DD2D1DB3B21}.Debug|x86.ActiveCfg = Debug|Any CPU
		{270CE72C-5254-432B-8B1B-7DD2D1DB3B21}.Debug|x86.Build.0 = Debug|Any CPU
		{270CE72C-5254-432B-8B1B-7DD2D1DB3B21}.Release|Any CPU.ActiveCfg = Release|Any CPU
		{270CE72C-5254-432B-8B1B-7DD2D1DB3B21}.Release|Any CPU.Build.0 = Release|Any CPU
		{270CE72C-5254-432B-8B1B-7DD2D1DB3B21}.Release|x64.ActiveCfg = Release|Any CPU
		{270CE72C-5254-432B-8B1B-7DD2D1DB3B21}.Release|x64.Build.0 = Release|Any CPU
		{270CE72C-5254-432B-8B1B-7DD2D1DB3B21}.Release|x86.ActiveCfg = Release|Any CPU
		{270CE72C-5254-432B-8B1B-7DD2D1DB3B21}.Release|x86.Build.0 = Release|Any CPU
		{814E5FCB-8034-4590-A142-E1BC39FF8475}.Debug|Any CPU.ActiveCfg = Debug|Any CPU
		{814E5FCB-8034-4590-A142-E1BC39FF8475}.Debug|Any CPU.Build.0 = Debug|Any CPU
		{814E5FCB-8034-4590-A142-E1BC39FF8475}.Debug|x64.ActiveCfg = Debug|Any CPU
		{814E5FCB-8034-4590-A142-E1BC39FF8475}.Debug|x64.Build.0 = Debug|Any CPU
		{814E5FCB-8034-4590-A142-E1BC39FF8475}.Debug|x86.ActiveCfg = Debug|Any CPU
		{814E5FCB-8034-4590-A142-E1BC39FF8475}.Debug|x86.Build.0 = Debug|Any CPU
		{814E5FCB-8034-4590-A142-E1BC39FF8475}.Release|Any CPU.ActiveCfg = Release|Any CPU
		{814E5FCB-8034-4590-A142-E1BC39FF8475}.Release|Any CPU.Build.0 = Release|Any CPU
		{814E5FCB-8034-4590-A142-E1BC39FF8475}.Release|x64.ActiveCfg = Release|Any CPU
		{814E5FCB-8034-4590-A142-E1BC39FF8475}.Release|x64.Build.0 = Release|Any CPU
		{814E5FCB-8034-4590-A142-E1BC39FF8475}.Release|x86.ActiveCfg = Release|Any CPU
		{814E5FCB-8034-4590-A142-E1BC39FF8475}.Release|x86.Build.0 = Release|Any CPU
		{4ED54F30-74E7-4835-9414-09B0B535A1A2}.Debug|Any CPU.ActiveCfg = Debug|Any CPU
		{4ED54F30-74E7-4835-9414-09B0B535A1A2}.Debug|Any CPU.Build.0 = Debug|Any CPU
		{4ED54F30-74E7-4835-9414-09B0B535A1A2}.Debug|x64.ActiveCfg = Debug|Any CPU
		{4ED54F30-74E7-4835-9414-09B0B535A1A2}.Debug|x64.Build.0 = Debug|Any CPU
		{4ED54F30-74E7-4835-9414-09B0B535A1A2}.Debug|x86.ActiveCfg = Debug|Any CPU
		{4ED54F30-74E7-4835-9414-09B0B535A1A2}.Debug|x86.Build.0 = Debug|Any CPU
		{4ED54F30-74E7-4835-9414-09B0B535A1A2}.Release|Any CPU.ActiveCfg = Release|Any CPU
		{4ED54F30-74E7-4835-9414-09B0B535A1A2}.Release|Any CPU.Build.0 = Release|Any CPU
		{4ED54F30-74E7-4835-9414-09B0B535A1A2}.Release|x64.ActiveCfg = Release|Any CPU
		{4ED54F30-74E7-4835-9414-09B0B535A1A2}.Release|x64.Build.0 = Release|Any CPU
		{4ED54F30-74E7-4835-9414-09B0B535A1A2}.Release|x86.ActiveCfg = Release|Any CPU
		{4ED54F30-74E7-4835-9414-09B0B535A1A2}.Release|x86.Build.0 = Release|Any CPU
		{F21B7DA3-A131-4AD0-AB16-52F11057D0C4}.Debug|Any CPU.ActiveCfg = Debug|Any CPU
		{F21B7DA3-A131-4AD0-AB16-52F11057D0C4}.Debug|Any CPU.Build.0 = Debug|Any CPU
		{F21B7DA3-A131-4AD0-AB16-52F11057D0C4}.Debug|x64.ActiveCfg = Debug|Any CPU
		{F21B7DA3-A131-4AD0-AB16-52F11057D0C4}.Debug|x64.Build.0 = Debug|Any CPU
		{F21B7DA3-A131-4AD0-AB16-52F11057D0C4}.Debug|x86.ActiveCfg = Debug|Any CPU
		{F21B7DA3-A131-4AD0-AB16-52F11057D0C4}.Debug|x86.Build.0 = Debug|Any CPU
		{F21B7DA3-A131-4AD0-AB16-52F11057D0C4}.Release|Any CPU.ActiveCfg = Release|Any CPU
		{F21B7DA3-A131-4AD0-AB16-52F11057D0C4}.Release|Any CPU.Build.0 = Release|Any CPU
		{F21B7DA3-A131-4AD0-AB16-52F11057D0C4}.Release|x64.ActiveCfg = Release|Any CPU
		{F21B7DA3-A131-4AD0-AB16-52F11057D0C4}.Release|x64.Build.0 = Release|Any CPU
		{F21B7DA3-A131-4AD0-AB16-52F11057D0C4}.Release|x86.ActiveCfg = Release|Any CPU
		{F21B7DA3-A131-4AD0-AB16-52F11057D0C4}.Release|x86.Build.0 = Release|Any CPU
		{162583B2-A63C-436D-9593-6AAFC59A6FF0}.Debug|Any CPU.ActiveCfg = Debug|Any CPU
		{162583B2-A63C-436D-9593-6AAFC59A6FF0}.Debug|Any CPU.Build.0 = Debug|Any CPU
		{162583B2-A63C-436D-9593-6AAFC59A6FF0}.Debug|x64.ActiveCfg = Debug|Any CPU
		{162583B2-A63C-436D-9593-6AAFC59A6FF0}.Debug|x64.Build.0 = Debug|Any CPU
		{162583B2-A63C-436D-9593-6AAFC59A6FF0}.Debug|x86.ActiveCfg = Debug|Any CPU
		{162583B2-A63C-436D-9593-6AAFC59A6FF0}.Debug|x86.Build.0 = Debug|Any CPU
		{162583B2-A63C-436D-9593-6AAFC59A6FF0}.Release|Any CPU.ActiveCfg = Release|Any CPU
		{162583B2-A63C-436D-9593-6AAFC59A6FF0}.Release|Any CPU.Build.0 = Release|Any CPU
		{162583B2-A63C-436D-9593-6AAFC59A6FF0}.Release|x64.ActiveCfg = Release|Any CPU
		{162583B2-A63C-436D-9593-6AAFC59A6FF0}.Release|x64.Build.0 = Release|Any CPU
		{162583B2-A63C-436D-9593-6AAFC59A6FF0}.Release|x86.ActiveCfg = Release|Any CPU
		{162583B2-A63C-436D-9593-6AAFC59A6FF0}.Release|x86.Build.0 = Release|Any CPU
		{BC7A6088-7E5C-4659-9C74-B79C79120769}.Debug|Any CPU.ActiveCfg = Debug|Any CPU
		{BC7A6088-7E5C-4659-9C74-B79C79120769}.Debug|Any CPU.Build.0 = Debug|Any CPU
		{BC7A6088-7E5C-4659-9C74-B79C79120769}.Debug|x64.ActiveCfg = Debug|Any CPU
		{BC7A6088-7E5C-4659-9C74-B79C79120769}.Debug|x64.Build.0 = Debug|Any CPU
		{BC7A6088-7E5C-4659-9C74-B79C79120769}.Debug|x86.ActiveCfg = Debug|Any CPU
		{BC7A6088-7E5C-4659-9C74-B79C79120769}.Debug|x86.Build.0 = Debug|Any CPU
		{BC7A6088-7E5C-4659-9C74-B79C79120769}.Release|Any CPU.ActiveCfg = Release|Any CPU
		{BC7A6088-7E5C-4659-9C74-B79C79120769}.Release|Any CPU.Build.0 = Release|Any CPU
		{BC7A6088-7E5C-4659-9C74-B79C79120769}.Release|x64.ActiveCfg = Release|Any CPU
		{BC7A6088-7E5C-4659-9C74-B79C79120769}.Release|x64.Build.0 = Release|Any CPU
		{BC7A6088-7E5C-4659-9C74-B79C79120769}.Release|x86.ActiveCfg = Release|Any CPU
		{BC7A6088-7E5C-4659-9C74-B79C79120769}.Release|x86.Build.0 = Release|Any CPU
		{0AF0E76D-3344-4684-B990-DF71DE9A2349}.Debug|Any CPU.ActiveCfg = Debug|Any CPU
		{0AF0E76D-3344-4684-B990-DF71DE9A2349}.Debug|Any CPU.Build.0 = Debug|Any CPU
		{0AF0E76D-3344-4684-B990-DF71DE9A2349}.Debug|x64.ActiveCfg = Debug|Any CPU
		{0AF0E76D-3344-4684-B990-DF71DE9A2349}.Debug|x64.Build.0 = Debug|Any CPU
		{0AF0E76D-3344-4684-B990-DF71DE9A2349}.Debug|x86.ActiveCfg = Debug|Any CPU
		{0AF0E76D-3344-4684-B990-DF71DE9A2349}.Debug|x86.Build.0 = Debug|Any CPU
		{0AF0E76D-3344-4684-B990-DF71DE9A2349}.Release|Any CPU.ActiveCfg = Release|Any CPU
		{0AF0E76D-3344-4684-B990-DF71DE9A2349}.Release|Any CPU.Build.0 = Release|Any CPU
		{0AF0E76D-3344-4684-B990-DF71DE9A2349}.Release|x64.ActiveCfg = Release|Any CPU
		{0AF0E76D-3344-4684-B990-DF71DE9A2349}.Release|x64.Build.0 = Release|Any CPU
		{0AF0E76D-3344-4684-B990-DF71DE9A2349}.Release|x86.ActiveCfg = Release|Any CPU
		{0AF0E76D-3344-4684-B990-DF71DE9A2349}.Release|x86.Build.0 = Release|Any CPU
		{0CA78AFF-853E-41C1-BB71-2818F66F6A6D}.Debug|Any CPU.ActiveCfg = Debug|Any CPU
		{0CA78AFF-853E-41C1-BB71-2818F66F6A6D}.Debug|Any CPU.Build.0 = Debug|Any CPU
		{0CA78AFF-853E-41C1-BB71-2818F66F6A6D}.Debug|x64.ActiveCfg = Debug|Any CPU
		{0CA78AFF-853E-41C1-BB71-2818F66F6A6D}.Debug|x64.Build.0 = Debug|Any CPU
		{0CA78AFF-853E-41C1-BB71-2818F66F6A6D}.Debug|x86.ActiveCfg = Debug|Any CPU
		{0CA78AFF-853E-41C1-BB71-2818F66F6A6D}.Debug|x86.Build.0 = Debug|Any CPU
		{0CA78AFF-853E-41C1-BB71-2818F66F6A6D}.Release|Any CPU.ActiveCfg = Release|Any CPU
		{0CA78AFF-853E-41C1-BB71-2818F66F6A6D}.Release|Any CPU.Build.0 = Release|Any CPU
		{0CA78AFF-853E-41C1-BB71-2818F66F6A6D}.Release|x64.ActiveCfg = Release|Any CPU
		{0CA78AFF-853E-41C1-BB71-2818F66F6A6D}.Release|x64.Build.0 = Release|Any CPU
		{0CA78AFF-853E-41C1-BB71-2818F66F6A6D}.Release|x86.ActiveCfg = Release|Any CPU
		{0CA78AFF-853E-41C1-BB71-2818F66F6A6D}.Release|x86.Build.0 = Release|Any CPU
		{B3311F85-39C6-4219-9918-62485927807C}.Debug|Any CPU.ActiveCfg = Debug|Any CPU
		{B3311F85-39C6-4219-9918-62485927807C}.Debug|Any CPU.Build.0 = Debug|Any CPU
		{B3311F85-39C6-4219-9918-62485927807C}.Debug|x64.ActiveCfg = Debug|Any CPU
		{B3311F85-39C6-4219-9918-62485927807C}.Debug|x64.Build.0 = Debug|Any CPU
		{B3311F85-39C6-4219-9918-62485927807C}.Debug|x86.ActiveCfg = Debug|Any CPU
		{B3311F85-39C6-4219-9918-62485927807C}.Debug|x86.Build.0 = Debug|Any CPU
		{B3311F85-39C6-4219-9918-62485927807C}.Release|Any CPU.ActiveCfg = Release|Any CPU
		{B3311F85-39C6-4219-9918-62485927807C}.Release|Any CPU.Build.0 = Release|Any CPU
		{B3311F85-39C6-4219-9918-62485927807C}.Release|x64.ActiveCfg = Release|Any CPU
		{B3311F85-39C6-4219-9918-62485927807C}.Release|x64.Build.0 = Release|Any CPU
		{B3311F85-39C6-4219-9918-62485927807C}.Release|x86.ActiveCfg = Release|Any CPU
		{B3311F85-39C6-4219-9918-62485927807C}.Release|x86.Build.0 = Release|Any CPU
		{3EE4C24D-7F04-4C7F-9844-269796CD62D8}.Debug|Any CPU.ActiveCfg = Debug|Any CPU
		{3EE4C24D-7F04-4C7F-9844-269796CD62D8}.Debug|Any CPU.Build.0 = Debug|Any CPU
		{3EE4C24D-7F04-4C7F-9844-269796CD62D8}.Debug|x64.ActiveCfg = Debug|Any CPU
		{3EE4C24D-7F04-4C7F-9844-269796CD62D8}.Debug|x64.Build.0 = Debug|Any CPU
		{3EE4C24D-7F04-4C7F-9844-269796CD62D8}.Debug|x86.ActiveCfg = Debug|Any CPU
		{3EE4C24D-7F04-4C7F-9844-269796CD62D8}.Debug|x86.Build.0 = Debug|Any CPU
		{3EE4C24D-7F04-4C7F-9844-269796CD62D8}.Release|Any CPU.ActiveCfg = Release|Any CPU
		{3EE4C24D-7F04-4C7F-9844-269796CD62D8}.Release|Any CPU.Build.0 = Release|Any CPU
		{3EE4C24D-7F04-4C7F-9844-269796CD62D8}.Release|x64.ActiveCfg = Release|Any CPU
		{3EE4C24D-7F04-4C7F-9844-269796CD62D8}.Release|x64.Build.0 = Release|Any CPU
		{3EE4C24D-7F04-4C7F-9844-269796CD62D8}.Release|x86.ActiveCfg = Release|Any CPU
		{3EE4C24D-7F04-4C7F-9844-269796CD62D8}.Release|x86.Build.0 = Release|Any CPU
		{886BAED5-41B4-4F3A-9B47-54C9DB81E32D}.Debug|Any CPU.ActiveCfg = Debug|Any CPU
		{886BAED5-41B4-4F3A-9B47-54C9DB81E32D}.Debug|Any CPU.Build.0 = Debug|Any CPU
		{886BAED5-41B4-4F3A-9B47-54C9DB81E32D}.Debug|x64.ActiveCfg = Debug|Any CPU
		{886BAED5-41B4-4F3A-9B47-54C9DB81E32D}.Debug|x64.Build.0 = Debug|Any CPU
		{886BAED5-41B4-4F3A-9B47-54C9DB81E32D}.Debug|x86.ActiveCfg = Debug|Any CPU
		{886BAED5-41B4-4F3A-9B47-54C9DB81E32D}.Debug|x86.Build.0 = Debug|Any CPU
		{886BAED5-41B4-4F3A-9B47-54C9DB81E32D}.Release|Any CPU.ActiveCfg = Release|Any CPU
		{886BAED5-41B4-4F3A-9B47-54C9DB81E32D}.Release|Any CPU.Build.0 = Release|Any CPU
		{886BAED5-41B4-4F3A-9B47-54C9DB81E32D}.Release|x64.ActiveCfg = Release|Any CPU
		{886BAED5-41B4-4F3A-9B47-54C9DB81E32D}.Release|x64.Build.0 = Release|Any CPU
		{886BAED5-41B4-4F3A-9B47-54C9DB81E32D}.Release|x86.ActiveCfg = Release|Any CPU
		{886BAED5-41B4-4F3A-9B47-54C9DB81E32D}.Release|x86.Build.0 = Release|Any CPU
		{29A98384-CE14-4E64-AF14-14FF33DBD967}.Debug|Any CPU.ActiveCfg = Debug|Any CPU
		{29A98384-CE14-4E64-AF14-14FF33DBD967}.Debug|Any CPU.Build.0 = Debug|Any CPU
		{29A98384-CE14-4E64-AF14-14FF33DBD967}.Debug|x64.ActiveCfg = Debug|Any CPU
		{29A98384-CE14-4E64-AF14-14FF33DBD967}.Debug|x64.Build.0 = Debug|Any CPU
		{29A98384-CE14-4E64-AF14-14FF33DBD967}.Debug|x86.ActiveCfg = Debug|Any CPU
		{29A98384-CE14-4E64-AF14-14FF33DBD967}.Debug|x86.Build.0 = Debug|Any CPU
		{29A98384-CE14-4E64-AF14-14FF33DBD967}.Release|Any CPU.ActiveCfg = Release|Any CPU
		{29A98384-CE14-4E64-AF14-14FF33DBD967}.Release|Any CPU.Build.0 = Release|Any CPU
		{29A98384-CE14-4E64-AF14-14FF33DBD967}.Release|x64.ActiveCfg = Release|Any CPU
		{29A98384-CE14-4E64-AF14-14FF33DBD967}.Release|x64.Build.0 = Release|Any CPU
		{29A98384-CE14-4E64-AF14-14FF33DBD967}.Release|x86.ActiveCfg = Release|Any CPU
		{29A98384-CE14-4E64-AF14-14FF33DBD967}.Release|x86.Build.0 = Release|Any CPU
		{9F5617C6-6EF1-4793-A84C-10DBDE804932}.Debug|Any CPU.ActiveCfg = Debug|Any CPU
		{9F5617C6-6EF1-4793-A84C-10DBDE804932}.Debug|Any CPU.Build.0 = Debug|Any CPU
		{9F5617C6-6EF1-4793-A84C-10DBDE804932}.Debug|x64.ActiveCfg = Debug|Any CPU
		{9F5617C6-6EF1-4793-A84C-10DBDE804932}.Debug|x64.Build.0 = Debug|Any CPU
		{9F5617C6-6EF1-4793-A84C-10DBDE804932}.Debug|x86.ActiveCfg = Debug|Any CPU
		{9F5617C6-6EF1-4793-A84C-10DBDE804932}.Debug|x86.Build.0 = Debug|Any CPU
		{9F5617C6-6EF1-4793-A84C-10DBDE804932}.Release|Any CPU.ActiveCfg = Release|Any CPU
		{9F5617C6-6EF1-4793-A84C-10DBDE804932}.Release|Any CPU.Build.0 = Release|Any CPU
		{9F5617C6-6EF1-4793-A84C-10DBDE804932}.Release|x64.ActiveCfg = Release|Any CPU
		{9F5617C6-6EF1-4793-A84C-10DBDE804932}.Release|x64.Build.0 = Release|Any CPU
		{9F5617C6-6EF1-4793-A84C-10DBDE804932}.Release|x86.ActiveCfg = Release|Any CPU
		{9F5617C6-6EF1-4793-A84C-10DBDE804932}.Release|x86.Build.0 = Release|Any CPU
		{E7E41E50-B965-4700-AE77-67569C7F1B4F}.Debug|Any CPU.ActiveCfg = Debug|Any CPU
		{E7E41E50-B965-4700-AE77-67569C7F1B4F}.Debug|Any CPU.Build.0 = Debug|Any CPU
		{E7E41E50-B965-4700-AE77-67569C7F1B4F}.Debug|x64.ActiveCfg = Debug|Any CPU
		{E7E41E50-B965-4700-AE77-67569C7F1B4F}.Debug|x64.Build.0 = Debug|Any CPU
		{E7E41E50-B965-4700-AE77-67569C7F1B4F}.Debug|x86.ActiveCfg = Debug|Any CPU
		{E7E41E50-B965-4700-AE77-67569C7F1B4F}.Debug|x86.Build.0 = Debug|Any CPU
		{E7E41E50-B965-4700-AE77-67569C7F1B4F}.Release|Any CPU.ActiveCfg = Release|Any CPU
		{E7E41E50-B965-4700-AE77-67569C7F1B4F}.Release|Any CPU.Build.0 = Release|Any CPU
		{E7E41E50-B965-4700-AE77-67569C7F1B4F}.Release|x64.ActiveCfg = Release|Any CPU
		{E7E41E50-B965-4700-AE77-67569C7F1B4F}.Release|x64.Build.0 = Release|Any CPU
		{E7E41E50-B965-4700-AE77-67569C7F1B4F}.Release|x86.ActiveCfg = Release|Any CPU
		{E7E41E50-B965-4700-AE77-67569C7F1B4F}.Release|x86.Build.0 = Release|Any CPU
		{E5AFBD6B-13A3-4303-9A4D-C7373DFFACE6}.Debug|Any CPU.ActiveCfg = Debug|Any CPU
		{E5AFBD6B-13A3-4303-9A4D-C7373DFFACE6}.Debug|Any CPU.Build.0 = Debug|Any CPU
		{E5AFBD6B-13A3-4303-9A4D-C7373DFFACE6}.Debug|x64.ActiveCfg = Debug|Any CPU
		{E5AFBD6B-13A3-4303-9A4D-C7373DFFACE6}.Debug|x64.Build.0 = Debug|Any CPU
		{E5AFBD6B-13A3-4303-9A4D-C7373DFFACE6}.Debug|x86.ActiveCfg = Debug|Any CPU
		{E5AFBD6B-13A3-4303-9A4D-C7373DFFACE6}.Debug|x86.Build.0 = Debug|Any CPU
		{E5AFBD6B-13A3-4303-9A4D-C7373DFFACE6}.Release|Any CPU.ActiveCfg = Release|Any CPU
		{E5AFBD6B-13A3-4303-9A4D-C7373DFFACE6}.Release|Any CPU.Build.0 = Release|Any CPU
		{E5AFBD6B-13A3-4303-9A4D-C7373DFFACE6}.Release|x64.ActiveCfg = Release|Any CPU
		{E5AFBD6B-13A3-4303-9A4D-C7373DFFACE6}.Release|x64.Build.0 = Release|Any CPU
		{E5AFBD6B-13A3-4303-9A4D-C7373DFFACE6}.Release|x86.ActiveCfg = Release|Any CPU
		{E5AFBD6B-13A3-4303-9A4D-C7373DFFACE6}.Release|x86.Build.0 = Release|Any CPU
	EndGlobalSection
EndGlobal
